
Microsoft Visual Studio Solution File, Format Version 12.00
# Visual Studio Version 16
VisualStudioVersion = 16.0.29806.167
MinimumVisualStudioVersion = 10.0.40219.1
Project("{9A19103F-16F7-4668-BE54-9A1E7A4F7556}") = "HelloWorld", "HelloWorld\HelloWorld.csproj", "{76414ECF-A218-4E7C-8F0C-858AD7D8FD57}"
EndProject
Project("{9A19103F-16F7-4668-BE54-9A1E7A4F7556}") = "HelloWorldTests", "HelloWorldTests\HelloWorldTests.csproj", "{0C8FD3E9-E567-497E-B423-0DE1E84318F7}"
EndProject
Project("{2150E333-8FDC-42A3-9474-1A3956D46DE8}") = "Tax", "Tax", "{ED952B1F-8C24-40B1-99B2-A89812AEBA41}"
EndProject
Project("{9A19103F-16F7-4668-BE54-9A1E7A4F7556}") = "TaxCodeCalculator", "TaxCodeCalculator\TaxCodeCalculator.csproj", "{892FB430-7838-4C2A-9109-5E09F96CC98C}"
EndProject
Project("{2150E333-8FDC-42A3-9474-1A3956D46DE8}") = "Chat", "Chat", "{6B23BBCA-4471-49AD-AA6F-4FEA270C6DD2}"
EndProject
Project("{9A19103F-16F7-4668-BE54-9A1E7A4F7556}") = "BlazorChat", "BlazorChat\BlazorChat.csproj", "{81A1C7D7-98AE-468C-B6EB-22A4B621C083}"
EndProject
Project("{FAE04EC0-301F-11D3-BF4B-00C04F79EFBC}") = "BlazorChatSimple", "BlazorChatSimple\BlazorChatSimple.csproj", "{C9071193-8009-495F-B42F-33E582778129}"
EndProject
Global
	GlobalSection(SolutionConfigurationPlatforms) = preSolution
		Debug|Any CPU = Debug|Any CPU
		Release|Any CPU = Release|Any CPU
	EndGlobalSection
	GlobalSection(ProjectConfigurationPlatforms) = postSolution
		{76414ECF-A218-4E7C-8F0C-858AD7D8FD57}.Debug|Any CPU.ActiveCfg = Debug|Any CPU
		{76414ECF-A218-4E7C-8F0C-858AD7D8FD57}.Debug|Any CPU.Build.0 = Debug|Any CPU
		{76414ECF-A218-4E7C-8F0C-858AD7D8FD57}.Release|Any CPU.ActiveCfg = Release|Any CPU
		{76414ECF-A218-4E7C-8F0C-858AD7D8FD57}.Release|Any CPU.Build.0 = Release|Any CPU
		{0C8FD3E9-E567-497E-B423-0DE1E84318F7}.Debug|Any CPU.ActiveCfg = Debug|Any CPU
		{0C8FD3E9-E567-497E-B423-0DE1E84318F7}.Debug|Any CPU.Build.0 = Debug|Any CPU
		{0C8FD3E9-E567-497E-B423-0DE1E84318F7}.Release|Any CPU.ActiveCfg = Release|Any CPU
		{0C8FD3E9-E567-497E-B423-0DE1E84318F7}.Release|Any CPU.Build.0 = Release|Any CPU
		{892FB430-7838-4C2A-9109-5E09F96CC98C}.Debug|Any CPU.ActiveCfg = Debug|Any CPU
		{892FB430-7838-4C2A-9109-5E09F96CC98C}.Debug|Any CPU.Build.0 = Debug|Any CPU
		{892FB430-7838-4C2A-9109-5E09F96CC98C}.Release|Any CPU.ActiveCfg = Release|Any CPU
		{892FB430-7838-4C2A-9109-5E09F96CC98C}.Release|Any CPU.Build.0 = Release|Any CPU
		{81A1C7D7-98AE-468C-B6EB-22A4B621C083}.Debug|Any CPU.ActiveCfg = Debug|Any CPU
		{81A1C7D7-98AE-468C-B6EB-22A4B621C083}.Debug|Any CPU.Build.0 = Debug|Any CPU
		{81A1C7D7-98AE-468C-B6EB-22A4B621C083}.Release|Any CPU.ActiveCfg = Release|Any CPU
		{81A1C7D7-98AE-468C-B6EB-22A4B621C083}.Release|Any CPU.Build.0 = Release|Any CPU
		{C9071193-8009-495F-B42F-33E582778129}.Debug|Any CPU.ActiveCfg = Debug|Any CPU
		{C9071193-8009-495F-B42F-33E582778129}.Debug|Any CPU.Build.0 = Debug|Any CPU
		{C9071193-8009-495F-B42F-33E582778129}.Release|Any CPU.ActiveCfg = Release|Any CPU
		{C9071193-8009-495F-B42F-33E582778129}.Release|Any CPU.Build.0 = Release|Any CPU
	EndGlobalSection
	GlobalSection(SolutionProperties) = preSolution
		HideSolutionNode = FALSE
	EndGlobalSection
	GlobalSection(NestedProjects) = preSolution
		{892FB430-7838-4C2A-9109-5E09F96CC98C} = {ED952B1F-8C24-40B1-99B2-A89812AEBA41}
		{81A1C7D7-98AE-468C-B6EB-22A4B621C083} = {6B23BBCA-4471-49AD-AA6F-4FEA270C6DD2}
		{C9071193-8009-495F-B42F-33E582778129} = {6B23BBCA-4471-49AD-AA6F-4FEA270C6DD2}
	EndGlobalSection
	GlobalSection(ExtensibilityGlobals) = postSolution
		SolutionGuid = {3A4B07D4-CB7C-449E-897D-FF5BA55CC77E}
	EndGlobalSection
EndGlobal
